
Microsoft Visual Studio Solution File, Format Version 12.00
# Visual Studio Version 17
VisualStudioVersion = 17.9.34714.143
MinimumVisualStudioVersion = 10.0.40219.1
Project("{FAE04EC0-301F-11D3-BF4B-00C04F79EFBC}") = "health-mate", "health-mate.csproj", "{1AA4153F-0BE3-4539-BC43-955F83C22789}"
EndProject
Global
	GlobalSection(SolutionConfigurationPlatforms) = preSolution
		Debug|Any CPU = Debug|Any CPU
		Release|Any CPU = Release|Any CPU
	EndGlobalSection
	GlobalSection(ProjectConfigurationPlatforms) = postSolution
		{1AA4153F-0BE3-4539-BC43-955F83C22789}.Debug|Any CPU.ActiveCfg = Debug|Any CPU
		{1AA4153F-0BE3-4539-BC43-955F83C22789}.Debug|Any CPU.Build.0 = Debug|Any CPU
		{1AA4153F-0BE3-4539-BC43-955F83C22789}.Release|Any CPU.ActiveCfg = Release|Any CPU
		{1AA4153F-0BE3-4539-BC43-955F83C22789}.Release|Any CPU.Build.0 = Release|Any CPU
	EndGlobalSection
	GlobalSection(SolutionProperties) = preSolution
		HideSolutionNode = FALSE
	EndGlobalSection
	GlobalSection(ExtensibilityGlobals) = postSolution
		SolutionGuid = {0E75F0F1-579B-4D8D-85D8-8AF131B22F7E}
	EndGlobalSection
EndGlobal
